
Microsoft Visual Studio Solution File, Format Version 12.00
# Visual Studio Version 16
VisualStudioVersion = 16.0.30503.244
MinimumVisualStudioVersion = 10.0.40219.1
Project("{FAE04EC0-301F-11D3-BF4B-00C04F79EFBC}") = "SweepStakes", "SweepStakes\SweepStakes.csproj", "{9389BD16-245C-4FF4-B5DF-FA48867B81DA}"
EndProject
Global
	GlobalSection(SolutionConfigurationPlatforms) = preSolution
		Debug|Any CPU = Debug|Any CPU
		Release|Any CPU = Release|Any CPU
	EndGlobalSection
	GlobalSection(ProjectConfigurationPlatforms) = postSolution
		{9389BD16-245C-4FF4-B5DF-FA48867B81DA}.Debug|Any CPU.ActiveCfg = Debug|Any CPU
		{9389BD16-245C-4FF4-B5DF-FA48867B81DA}.Debug|Any CPU.Build.0 = Debug|Any CPU
		{9389BD16-245C-4FF4-B5DF-FA48867B81DA}.Release|Any CPU.ActiveCfg = Release|Any CPU
		{9389BD16-245C-4FF4-B5DF-FA48867B81DA}.Release|Any CPU.Build.0 = Release|Any CPU
	EndGlobalSection
	GlobalSection(SolutionProperties) = preSolution
		HideSolutionNode = FALSE
	EndGlobalSection
	GlobalSection(ExtensibilityGlobals) = postSolution
		SolutionGuid = {C17F7B06-2EF8-419E-AF3A-E003064B7E3E}
	EndGlobalSection
EndGlobal
